
Microsoft Visual Studio Solution File, Format Version 12.00
# Visual Studio 15
VisualStudioVersion = 15.0.28010.2046
MinimumVisualStudioVersion = 10.0.40219.1
Project("{FAE04EC0-301F-11D3-BF4B-00C04F79EFBC}") = "MyWeb", "MyWeb\MyWeb.csproj", "{F957F244-CA84-4878-ACE5-4F5B27945D7B}"
EndProject
Global
	GlobalSection(SolutionConfigurationPlatforms) = preSolution
		Debug|Any CPU = Debug|Any CPU
		Release|Any CPU = Release|Any CPU
	EndGlobalSection
	GlobalSection(ProjectConfigurationPlatforms) = postSolution
		{F957F244-CA84-4878-ACE5-4F5B27945D7B}.Debug|Any CPU.ActiveCfg = Debug|Any CPU
		{F957F244-CA84-4878-ACE5-4F5B27945D7B}.Debug|Any CPU.Build.0 = Debug|Any CPU
		{F957F244-CA84-4878-ACE5-4F5B27945D7B}.Release|Any CPU.ActiveCfg = Release|Any CPU
		{F957F244-CA84-4878-ACE5-4F5B27945D7B}.Release|Any CPU.Build.0 = Release|Any CPU
	EndGlobalSection
	GlobalSection(SolutionProperties) = preSolution
		HideSolutionNode = FALSE
	EndGlobalSection
	GlobalSection(ExtensibilityGlobals) = postSolution
		SolutionGuid = {1D1D03BA-41BA-4039-9C40-FEFAC7DE20D4}
	EndGlobalSection
EndGlobal
